
Microsoft Visual Studio Solution File, Format Version 12.00
# Visual Studio Version 16
VisualStudioVersion = 16.0.30204.135
MinimumVisualStudioVersion = 10.0.40219.1
Project("{FAE04EC0-301F-11D3-BF4B-00C04F79EFBC}") = "GarbageMusicPlayer", "GarbageMusicPlayer\GarbageMusicPlayer.csproj", "{330C7911-3F48-4F6D-B825-9E2D0089708F}"
EndProject
Project("{9A19103F-16F7-4668-BE54-9A1E7A4F7556}") = "GarbageMusicPlayerClassLibrary", "GarbageMusicPlayerClassLibrary\GarbageMusicPlayerClassLibrary.csproj", "{A581DF6B-9BC9-4B83-B51B-AF87C65880CE}"
EndProject
Project("{FAE04EC0-301F-11D3-BF4B-00C04F79EFBC}") = "GarbageMusicPlayerControlLibrary", "GarbageMusicPlayerControlLibrary\GarbageMusicPlayerControlLibrary.csproj", "{81388758-D516-4FDF-9096-CEC3F7C3E2A2}"
EndProject
Global
	GlobalSection(SolutionConfigurationPlatforms) = preSolution
		Debug|Any CPU = Debug|Any CPU
		Release|Any CPU = Release|Any CPU
	EndGlobalSection
	GlobalSection(ProjectConfigurationPlatforms) = postSolution
		{330C7911-3F48-4F6D-B825-9E2D0089708F}.Debug|Any CPU.ActiveCfg = Debug|Any CPU
		{330C7911-3F48-4F6D-B825-9E2D0089708F}.Debug|Any CPU.Build.0 = Debug|Any CPU
		{330C7911-3F48-4F6D-B825-9E2D0089708F}.Release|Any CPU.ActiveCfg = Release|Any CPU
		{330C7911-3F48-4F6D-B825-9E2D0089708F}.Release|Any CPU.Build.0 = Release|Any CPU
		{A581DF6B-9BC9-4B83-B51B-AF87C65880CE}.Debug|Any CPU.ActiveCfg = Debug|Any CPU
		{A581DF6B-9BC9-4B83-B51B-AF87C65880CE}.Debug|Any CPU.Build.0 = Debug|Any CPU
		{A581DF6B-9BC9-4B83-B51B-AF87C65880CE}.Release|Any CPU.ActiveCfg = Release|Any CPU
		{A581DF6B-9BC9-4B83-B51B-AF87C65880CE}.Release|Any CPU.Build.0 = Release|Any CPU
		{81388758-D516-4FDF-9096-CEC3F7C3E2A2}.Debug|Any CPU.ActiveCfg = Debug|Any CPU
		{81388758-D516-4FDF-9096-CEC3F7C3E2A2}.Debug|Any CPU.Build.0 = Debug|Any CPU
		{81388758-D516-4FDF-9096-CEC3F7C3E2A2}.Release|Any CPU.ActiveCfg = Release|Any CPU
		{81388758-D516-4FDF-9096-CEC3F7C3E2A2}.Release|Any CPU.Build.0 = Release|Any CPU
	EndGlobalSection
	GlobalSection(SolutionProperties) = preSolution
		HideSolutionNode = FALSE
	EndGlobalSection
	GlobalSection(ExtensibilityGlobals) = postSolution
		SolutionGuid = {0F519FB9-5929-4E49-A4BB-00AA80D83201}
	EndGlobalSection
EndGlobal
